
Microsoft Visual Studio Solution File, Format Version 12.00
# Visual Studio Version 17
VisualStudioVersion = 17.11.35312.102
MinimumVisualStudioVersion = 10.0.40219.1
Project("{FAE04EC0-301F-11D3-BF4B-00C04F79EFBC}") = "AirConditionerShop_NguyenGiaKhanh", "AirConditionerShop_NguyenGiaKhanh\AirConditionerShop_NguyenGiaKhanh.csproj", "{DD1038A3-298C-433B-AB91-F4A57BD39012}"
EndProject
Project("{FAE04EC0-301F-11D3-BF4B-00C04F79EFBC}") = "AirConditionerShop.BLL", "AirConditionerShop.BLL\AirConditionerShop.BLL.csproj", "{1907E959-1B39-4072-965B-7ED219139969}"
EndProject
Project("{FAE04EC0-301F-11D3-BF4B-00C04F79EFBC}") = "AirConditionerShop.DAL", "AirConditionerShop.DAL\AirConditionerShop.DAL.csproj", "{73993ACD-37AE-4196-B3A1-B6602F538357}"
EndProject
Global
	GlobalSection(SolutionConfigurationPlatforms) = preSolution
		Debug|Any CPU = Debug|Any CPU
		Release|Any CPU = Release|Any CPU
	EndGlobalSection
	GlobalSection(ProjectConfigurationPlatforms) = postSolution
		{DD1038A3-298C-433B-AB91-F4A57BD39012}.Debug|Any CPU.ActiveCfg = Debug|Any CPU
		{DD1038A3-298C-433B-AB91-F4A57BD39012}.Debug|Any CPU.Build.0 = Debug|Any CPU
		{DD1038A3-298C-433B-AB91-F4A57BD39012}.Release|Any CPU.ActiveCfg = Release|Any CPU
		{DD1038A3-298C-433B-AB91-F4A57BD39012}.Release|Any CPU.Build.0 = Release|Any CPU
		{1907E959-1B39-4072-965B-7ED219139969}.Debug|Any CPU.ActiveCfg = Debug|Any CPU
		{1907E959-1B39-4072-965B-7ED219139969}.Debug|Any CPU.Build.0 = Debug|Any CPU
		{1907E959-1B39-4072-965B-7ED219139969}.Release|Any CPU.ActiveCfg = Release|Any CPU
		{1907E959-1B39-4072-965B-7ED219139969}.Release|Any CPU.Build.0 = Release|Any CPU
		{73993ACD-37AE-4196-B3A1-B6602F538357}.Debug|Any CPU.ActiveCfg = Debug|Any CPU
		{73993ACD-37AE-4196-B3A1-B6602F538357}.Debug|Any CPU.Build.0 = Debug|Any CPU
		{73993ACD-37AE-4196-B3A1-B6602F538357}.Release|Any CPU.ActiveCfg = Release|Any CPU
		{73993ACD-37AE-4196-B3A1-B6602F538357}.Release|Any CPU.Build.0 = Release|Any CPU
	EndGlobalSection
	GlobalSection(SolutionProperties) = preSolution
		HideSolutionNode = FALSE
	EndGlobalSection
	GlobalSection(ExtensibilityGlobals) = postSolution
		SolutionGuid = {36B196BF-9D39-4E96-B49C-AA2D91D2A101}
	EndGlobalSection
EndGlobal
